
Microsoft Visual Studio Solution File, Format Version 12.00
# Visual Studio Version 16
VisualStudioVersion = 16.0.31424.327
MinimumVisualStudioVersion = 10.0.40219.1
Project("{FAE04EC0-301F-11D3-BF4B-00C04F79EFBC}") = "Whid_chill_max_min", "Whid_chill_max_min\Whid_chill_max_min.csproj", "{2177A8B9-5B2D-47C5-8576-F71F0D7DC962}"
EndProject
Global
	GlobalSection(SolutionConfigurationPlatforms) = preSolution
		Debug|Any CPU = Debug|Any CPU
		Release|Any CPU = Release|Any CPU
	EndGlobalSection
	GlobalSection(ProjectConfigurationPlatforms) = postSolution
		{2177A8B9-5B2D-47C5-8576-F71F0D7DC962}.Debug|Any CPU.ActiveCfg = Debug|Any CPU
		{2177A8B9-5B2D-47C5-8576-F71F0D7DC962}.Debug|Any CPU.Build.0 = Debug|Any CPU
		{2177A8B9-5B2D-47C5-8576-F71F0D7DC962}.Release|Any CPU.ActiveCfg = Release|Any CPU
		{2177A8B9-5B2D-47C5-8576-F71F0D7DC962}.Release|Any CPU.Build.0 = Release|Any CPU
	EndGlobalSection
	GlobalSection(SolutionProperties) = preSolution
		HideSolutionNode = FALSE
	EndGlobalSection
	GlobalSection(ExtensibilityGlobals) = postSolution
		SolutionGuid = {9D2100A4-08E4-4F52-A676-2C5C2C1B4FB3}
	EndGlobalSection
EndGlobal
