
Microsoft Visual Studio Solution File, Format Version 12.00
# Visual Studio Version 16
VisualStudioVersion = 16.0.31424.327
MinimumVisualStudioVersion = 10.0.40219.1
Project("{FAE04EC0-301F-11D3-BF4B-00C04F79EFBC}") = "Day7", "Day7\Day7.csproj", "{B842F0EA-5889-4198-B995-6BF234FE3743}"
EndProject
Global
	GlobalSection(SolutionConfigurationPlatforms) = preSolution
		Debug|Any CPU = Debug|Any CPU
		Release|Any CPU = Release|Any CPU
	EndGlobalSection
	GlobalSection(ProjectConfigurationPlatforms) = postSolution
		{B842F0EA-5889-4198-B995-6BF234FE3743}.Debug|Any CPU.ActiveCfg = Debug|Any CPU
		{B842F0EA-5889-4198-B995-6BF234FE3743}.Debug|Any CPU.Build.0 = Debug|Any CPU
		{B842F0EA-5889-4198-B995-6BF234FE3743}.Release|Any CPU.ActiveCfg = Release|Any CPU
		{B842F0EA-5889-4198-B995-6BF234FE3743}.Release|Any CPU.Build.0 = Release|Any CPU
	EndGlobalSection
	GlobalSection(SolutionProperties) = preSolution
		HideSolutionNode = FALSE
	EndGlobalSection
	GlobalSection(ExtensibilityGlobals) = postSolution
		SolutionGuid = {CD8F57DC-54E4-4853-901C-2BBF209AEE97}
	EndGlobalSection
EndGlobal
